
Microsoft Visual Studio Solution File, Format Version 12.00
# Visual Studio 14
VisualStudioVersion = 14.0.25420.1
MinimumVisualStudioVersion = 10.0.40219.1
Project("{FAE04EC0-301F-11D3-BF4B-00C04F79EFBC}") = "ice-cream", "ice-cream\ice-cream.csproj", "{61B19D8C-0A51-4C2A-9378-92B9859FE376}"
EndProject
Global
	GlobalSection(SolutionConfigurationPlatforms) = preSolution
		Debug|Any CPU = Debug|Any CPU
		Release|Any CPU = Release|Any CPU
	EndGlobalSection
	GlobalSection(ProjectConfigurationPlatforms) = postSolution
		{61B19D8C-0A51-4C2A-9378-92B9859FE376}.Debug|Any CPU.ActiveCfg = Debug|Any CPU
		{61B19D8C-0A51-4C2A-9378-92B9859FE376}.Debug|Any CPU.Build.0 = Debug|Any CPU
		{61B19D8C-0A51-4C2A-9378-92B9859FE376}.Release|Any CPU.ActiveCfg = Release|Any CPU
		{61B19D8C-0A51-4C2A-9378-92B9859FE376}.Release|Any CPU.Build.0 = Release|Any CPU
	EndGlobalSection
	GlobalSection(SolutionProperties) = preSolution
		HideSolutionNode = FALSE
	EndGlobalSection
EndGlobal
